<?xml version="1.0" encoding="utf-8"?>
<Project ToolsVersion="4.0" xmlns="http://schemas.microsoft.com/developer/msbuild/2003">
  <ItemGroup>
    <Filter Include="Source Files">
      <UniqueIdentifier>{4FC737F1-C7A5-4376-A066-2A32D752A2FF}</UniqueIdentifier>
      <Extensions>cpp;c;cc;cxx;c++;cppm;ixx;def;odl;idl;hpj;bat;asm;asmx</Extensions>
    </Filter>
    <Filter Include="Header Files">
      <UniqueIdentifier>{93995380-89BD-4b04-88EB-625FBE52EBFB}</UniqueIdentifier>
      <Extensions>h;hh;hpp;hxx;h++;hm;inl;inc;ipp;xsd</Extensions>
    </Filter>
    <Filter Include="Resource Files">
      <UniqueIdentifier>{67DA6AB6-F800-4c08-8B7A-83BB121AAD01}</UniqueIdentifier>
      <Extensions>rc;ico;cur;bmp;dlg;rc2;rct;bin;rgs;gif;jpg;jpeg;jpe;resx;tiff;tif;png;wav;mfcribbon-ms</Extensions>
    </Filter>
    <Filter Include="Dependencies\imgui">
      <UniqueIdentifier>{9b6f6f3a-3b8b-4f0a-9f1e-3a2f9b8a1c11}</UniqueIdentifier>
    </Filter>
    <Filter Include="UI">
      <UniqueIdentifier>{2c8e6a4b-7d3f-4a1e-9c5d-6b7e8f9a0d12}</UniqueIdentifier>
    </Filter>
    <Filter Include="UI\Panels">
      <UniqueIdentifier>{5f1a2b3c-4d5e-4f6a-8b9c-0d1e2f3a4b5c}</UniqueIdentifier>
    </Filter>
  </ItemGroup>
  <ItemGroup>
    <ClCompile Include="src\Rendering\VertexArray.cpp">
      <Filter>Source Files</Filter>
    </ClCompile>
    <ClCompile Include="src\Rendering\VertexBuffer.cpp">
      <Filter>Source Files</Filter>
    </ClCompile>
    <ClCompile Include="src\Rendering\IndexBuffer.cpp">
      <Filter>Source Files</Filter>
    </ClCompile>
    <ClCompile Include="src\Rendering\Mesh.cpp">
      <Filter>Source Files</Filter>
    </ClCompile>
    <ClCompile Include="src\Loaders\ModelLoader.cpp">
      <Filter>Source Files</Filter>
    </ClCompile>
    <ClCompile Include="src\Rendering\Material.cpp">
      <Filter>Source Files</Filter>
    </ClCompile>
    <ClCompile Include="src\Loaders\TextureLoader.cpp">
      <Filter>Source Files</Filter>
    </ClCompile>
    <ClCompile Include="src\Scene\SceneNode.cpp">
      <Filter>Source Files</Filter>
    </ClCompile>
    <ClCompile Include="src\Scene\SkyBox.cpp">
      <Filter>Source Files</Filter>
    </ClCompile>
    <ClCompile Include="src\Scene\Scene.cpp">
      <Filter>Source Files</Filter>
    </ClCompile>
    <ClCompile Include="src\Core\Application.cpp">
      <Filter>Source Files</Filter>
    </ClCompile>
    <ClCompile Include="src\Core\Clock.cpp">
      <Filter>Source Files</Filter>
    </ClCompile>
    <ClCompile Include="src\Core\Window.cpp">
      <Filter>Source Files</Filter>
    </ClCompile>
    <ClCompile Include="src\Core\Camera.cpp">
      <Filter>Source Files</Filter>
    </ClCompile>
    <ClCompile Include="src\Core\Renderer.cpp">
      <Filter>Source Files</Filter>
    </ClCompile>
    <ClCompile Include="src\Core\ShaderPipeline.cpp">
      <Filter>Source Files</Filter>
    </ClCompile>
    <ClCompile Include="src\Core\ShaderPipelineLibrary.cpp">
      <Filter>Source Files</Filter>
    </ClCompile>
    <ClCompile Include="src\Rendering\MaterialLibrary.cpp">
      <Filter>Source Files</Filter>
    </ClCompile>
    <ClCompile Include="src\Scene\Model.cpp">
      <Filter>Source Files</Filter>
    </ClCompile>
    <ClCompile Include="src\Core\InputManager.cpp">
      <Filter>Source Files</Filter>
    </ClCompile>
    <ClCompile Include="src\RendererApp.cpp">
      <Filter>Source Files</Filter>
    </ClCompile>
    <ClCompile Include="..\Dependencies\imgui\imgui.cpp">
      <Filter>Dependencies\imgui</Filter>
    </ClCompile>
    <ClCompile Include="..\Dependencies\imgui\imgui_draw.cpp">
      <Filter>Dependencies\imgui</Filter>
    </ClCompile>
    <ClCompile Include="..\Dependencies\imgui\imgui_tables.cpp">
      <Filter>Dependencies\imgui</Filter>
    </ClCompile>
    <ClCompile Include="..\Dependencies\imgui\imgui_widgets.cpp">
      <Filter>Dependencies\imgui</Filter>
    </ClCompile>
    <ClCompile Include="..\Dependencies\imgui\imgui_demo.cpp">
      <Filter>Dependencies\imgui</Filter>
    </ClCompile>
    <ClCompile Include="..\Dependencies\imgui\backends\imgui_impl_glfw.cpp">
      <Filter>Dependencies\imgui</Filter>
    </ClCompile>
    <ClCompile Include="..\Dependencies\imgui\backends\imgui_impl_opengl3.cpp">
      <Filter>Dependencies\imgui</Filter>
    </ClCompile>
    <ClCompile Include="src\UI\UIManager.cpp">
      <Filter>UI</Filter>
    </ClCompile>
    <ClCompile Include="src\UI\Panels\PerformancePanel.cpp">
      <Filter>UI\Panels</Filter>
    </ClCompile>
    <ClCompile Include="src\UI\Panels\CameraPanel.cpp">
      <Filter>UI\Panels</Filter>
    </ClCompile>
    <ClCompile Include="src\UI\Panels\RendererSettingsPanel.cpp">
      <Filter>UI\Panels</Filter>
    </ClCompile>
    <ClCompile Include="src\UI\Panels\ScenePanel.cpp">
      <Filter>UI\Panels</Filter>
    </ClCompile>
    <ClCompile Include="src\UI\Panels\ModelInspectorPanel.cpp">
      <Filter>UI\Panels</Filter>
    </ClCompile>
    <ClCompile Include="src\UI\Panels\LightingPanel.cpp">
      <Filter>UI\Panels</Filter>
    </ClCompile>
    <ClCompile Include="src\UI\Panels\MaterialPanel.cpp">
      <Filter>UI\Panels</Filter>
    </ClCompile>
  </ItemGroup>
  <ItemGroup>
    <ClInclude Include="src\Rendering\VertexArray.h">
      <Filter>Header Files</Filter>
    </ClInclude>
    <ClInclude Include="src\Rendering\VertexBuffer.h">
      <Filter>Header Files</Filter>
    </ClInclude>
    <ClInclude Include="src\Rendering\IndexBuffer.h">
      <Filter>Header Files</Filter>
    </ClInclude>
    <ClInclude Include="src\Rendering\Mesh.h">
      <Filter>Header Files</Filter>
    </ClInclude>
    <ClInclude Include="src\Rendering\Vertex.h">
      <Filter>Header Files</Filter>
    </ClInclude>
    <ClInclude Include="src\Loaders\ModelLoader.h">
      <Filter>Header Files</Filter>
    </ClInclude>
    <ClInclude Include="src\Rendering\Material.h">
      <Filter>Header Files</Filter>
    </ClInclude>
    <ClInclude Include="src\Rendering\MaterialLibrary.h">
      <Filter>Header Files</Filter>
    </ClInclude>
    <ClInclude Include="src\Loaders\TextureLoader.h">
      <Filter>Header Files</Filter>
    </ClInclude>
    <ClInclude Include="stb\stb_image.h">
      <Filter>Header Files</Filter>
    </ClInclude>
    <ClInclude Include="src\Scene\SceneNode.h">
      <Filter>Header Files</Filter>
    </ClInclude>
    <ClInclude Include="src\Scene\Light.h">
      <Filter>Header Files</Filter>
    </ClInclude>
    <ClInclude Include="src\Scene\SkyBox.h">
      <Filter>Header Files</Filter>
    </ClInclude>
    <ClInclude Include="src\Scene\Scene.h">
      <Filter>Header Files</Filter>
    </ClInclude>
    <ClInclude Include="src\Core\Clock.h">
      <Filter>Header Files</Filter>
    </ClInclude>
    <ClInclude Include="src\Core\Window.h">
      <Filter>Header Files</Filter>
    </ClInclude>
    <ClInclude Include="src\Core\Camera.h">
      <Filter>Header Files</Filter>
    </ClInclude>
    <ClInclude Include="src\Core\Renderer.h">
      <Filter>Header Files</Filter>
    </ClInclude>
    <ClInclude Include="src\Core\ShaderPipeline.h">
      <Filter>Header Files</Filter>
    </ClInclude>
    <ClInclude Include="src\Core\ShaderPipelineLibrary.h">
      <Filter>Header Files</Filter>
    </ClInclude>
    <ClInclude Include="src\Scene\Model.h">
      <Filter>Header Files</Filter>
    </ClInclude>
    <ClInclude Include="src\Core\InputManager.h">
      <Filter>Header Files</Filter>
    </ClInclude>
    <ClInclude Include="src\Core\Application.h">
      <Filter>Header Files</Filter>
    </ClInclude>
    <ClInclude Include="src\RendererApp.h">
      <Filter>Header Files</Filter>
    </ClInclude>
    <ClInclude Include="..\Dependencies\imgui\imgui.h">
      <Filter>Dependencies\imgui</Filter>
    </ClInclude>
    <ClInclude Include="..\Dependencies\imgui\imconfig.h">
      <Filter>Dependencies\imgui</Filter>
    </ClInclude>
    <ClInclude Include="..\Dependencies\imgui\imgui_internal.h">
      <Filter>Dependencies\imgui</Filter>
    </ClInclude>
    <ClInclude Include="..\Dependencies\imgui\imstb_rectpack.h">
      <Filter>Dependencies\imgui</Filter>
    </ClInclude>
    <ClInclude Include="..\Dependencies\imgui\imstb_textedit.h">
      <Filter>Dependencies\imgui</Filter>
    </ClInclude>
    <ClInclude Include="..\Dependencies\imgui\imstb_truetype.h">
      <Filter>Dependencies\imgui</Filter>
    </ClInclude>
    <ClInclude Include="..\Dependencies\imgui\backends\imgui_impl_glfw.h">
      <Filter>Dependencies\imgui</Filter>
    </ClInclude>
    <ClInclude Include="..\Dependencies\imgui\backends\imgui_impl_opengl3.h">
      <Filter>Dependencies\imgui</Filter>
    </ClInclude>
    <ClInclude Include="..\Dependencies\imgui\backends\imgui_impl_opengl3_loader.h">
      <Filter>Dependencies\imgui</Filter>
    </ClInclude>
    <ClInclude Include="src\UI\UIManager.h">
      <Filter>UI</Filter>
    </ClInclude>
    <ClInclude Include="src\UI\UIContext.h">
      <Filter>UI</Filter>
    </ClInclude>
    <ClInclude Include="src\UI\Panels\UIPanel.h">
      <Filter>UI\Panels</Filter>
    </ClInclude>
    <ClInclude Include="src\UI\Panels\PerformancePanel.h">
      <Filter>UI\Panels</Filter>
    </ClInclude>
    <ClInclude Include="src\UI\Panels\CameraPanel.h">
      <Filter>UI\Panels</Filter>
    </ClInclude>
    <ClInclude Include="src\UI\Panels\RendererSettingsPanel.h">
      <Filter>UI\Panels</Filter>
    </ClInclude>
    <ClInclude Include="src\UI\Panels\ScenePanel.h">
      <Filter>UI\Panels</Filter>
    </ClInclude>
    <ClInclude Include="src\UI\Panels\ModelInspectorPanel.h">
      <Filter>UI\Panels</Filter>
    </ClInclude>
    <ClInclude Include="src\UI\Panels\LightingPanel.h">
      <Filter>UI\Panels</Filter>
    </ClInclude>
    <ClInclude Include="src\UI\Panels\MaterialPanel.h">
      <Filter>UI\Panels</Filter>
    </ClInclude>
    <ClInclude Include="src\Scene\SceneStats.h">
      <Filter>Header Files</Filter>
    </ClInclude>
  </ItemGroup>
  <ItemGroup>
    <None Include="src\Shaders\DefaultVertexShader.vs" />
    <None Include="src\Shaders\DefaultFragmentShader.fs" />
    <None Include="src\Shaders\BlinkingShader.fs" />
    <None Include="src\Shaders\TextureShader.fs" />
    <None Include="src\Shaders\SkyBoxVertexShader.vs" />
    <None Include="src\Shaders\SkyBoxFragmentShader.fs" />
    <None Include="src\Shaders\SimpleWaterFragmentShader.fs" />
    <None Include="src\Shaders\SimpleWaterVertexShader.vs" />
  </ItemGroup>
</Project>